
Microsoft Visual Studio Solution File, Format Version 12.00
# Visual Studio Version 17
VisualStudioVersion = 17.7.34202.233
MinimumVisualStudioVersion = 10.0.40219.1
Project("{9A19103F-16F7-4668-BE54-9A1E7A4F7556}") = "FirstApp", "FirstApp.csproj", "{547C7E2B-73E5-4DA0-B09D-79EAE3CFDCA2}"
EndProject
Project("{2150E333-8FDC-42A3-9474-1A3956D46DE8}") = "EmpSystem", "EmpSystem", "{245D5960-52C3-43BD-927E-7293703745F3}"
EndProject
Project("{9A19103F-16F7-4668-BE54-9A1E7A4F7556}") = "EmpLib", "..\EmpLib\EmpLib.csproj", "{23CBE885-018E-4129-8E3E-632F865DB01C}"
EndProject
Project("{9A19103F-16F7-4668-BE54-9A1E7A4F7556}") = "EmpConsoleapp", "..\EmpConsoleapp\EmpConsoleapp.csproj", "{25EA1689-D218-4A19-BC3B-2A6E485923E3}"
EndProject
Project("{2150E333-8FDC-42A3-9474-1A3956D46DE8}") = "PL", "PL", "{0B534BC6-593F-483C-BC8F-D4F566F7527C}"
EndProject
Project("{2150E333-8FDC-42A3-9474-1A3956D46DE8}") = "BL", "BL", "{4520233A-93C7-4715-AE05-0C8A4191C9F5}"
EndProject
Project("{9A19103F-16F7-4668-BE54-9A1E7A4F7556}") = "Empforms", "..\Empforms\Empforms.csproj", "{B9B1A042-636A-4A0C-8F0A-E66F67555A25}"
EndProject
Project("{9A19103F-16F7-4668-BE54-9A1E7A4F7556}") = "delegates", "..\delegates\delegates.csproj", "{DA6FF10A-A460-4D6B-AB59-AEF8B62B2D91}"
EndProject
Project("{2150E333-8FDC-42A3-9474-1A3956D46DE8}") = "DAL", "DAL", "{EFD529A3-932C-4B51-8D40-4594575E1230}"
EndProject
Project("{9A19103F-16F7-4668-BE54-9A1E7A4F7556}") = "Testdal1", "..\Testdal1\Testdal1.csproj", "{8F8248B9-A2BC-4285-8B2C-4E3EA73E501D}"
EndProject
Project("{9A19103F-16F7-4668-BE54-9A1E7A4F7556}") = "labdal", "..\labdal\labdal.csproj", "{CD495255-2CF9-49A0-BAC3-96D3B5B6166F}"
EndProject
Project("{9A19103F-16F7-4668-BE54-9A1E7A4F7556}") = "testdbconsole", "..\testdbconsole\testdbconsole.csproj", "{34BAC8DF-5306-455A-AEBF-6B6BC6699B88}"
EndProject
Project("{9A19103F-16F7-4668-BE54-9A1E7A4F7556}") = "dbfirstEf", "..\dbfirstEf\dbfirstEf.csproj", "{234EABAA-8D28-4C1B-9BA1-D6FE924A0B2A}"
EndProject
Project("{9A19103F-16F7-4668-BE54-9A1E7A4F7556}") = "samplewebapp", "..\samplewebapp\samplewebapp.csproj", "{D9777E97-DC2D-46A4-828C-68A398D44BB2}"
EndProject
Project("{FAE04EC0-301F-11D3-BF4B-00C04F79EFBC}") = "EmpsystemEf", "..\EmpsystemEf\EmpsystemEf.csproj", "{86DE7E2D-25B5-439A-8531-5258294A4BE6}"
EndProject
Project("{2150E333-8FDC-42A3-9474-1A3956D46DE8}") = "ProductTemplate", "ProductTemplate", "{47582C8D-FF4B-4710-8F17-305BE86C38FB}"
EndProject
Project("{FAE04EC0-301F-11D3-BF4B-00C04F79EFBC}") = "WebPL", "..\WebPL\WebPL.csproj", "{A97F4CC4-4136-48CC-A93B-61C8275E6E5D}"
EndProject
Project("{FAE04EC0-301F-11D3-BF4B-00C04F79EFBC}") = "BLLib2", "..\BLLib2\BLLib2.csproj", "{811FE53E-9312-47CE-ADD6-8D96619D3067}"
EndProject
Project("{FAE04EC0-301F-11D3-BF4B-00C04F79EFBC}") = "BLLib1", "..\BLLib1\BLLib1.csproj", "{9E3558EC-6E89-405A-96A6-8F427C3C2CE8}"
EndProject
Project("{FAE04EC0-301F-11D3-BF4B-00C04F79EFBC}") = "DALLib", "..\DALLib\DALLib.csproj", "{B0DA0C8F-CBDA-4E2E-88B0-73198D1462FB}"
EndProject
Project("{FAE04EC0-301F-11D3-BF4B-00C04F79EFBC}") = "ServiceAPI", "..\ServiceAPI\ServiceAPI.csproj", "{A920AB5C-6F9E-4F40-8CB4-D2F08C88A1AE}"
EndProject
Project("{FAE04EC0-301F-11D3-BF4B-00C04F79EFBC}") = "empwebapp", "..\empwebapp\empwebapp.csproj", "{0974CEE1-6E3D-41F3-BC95-0E15C0B1833F}"
EndProject
Project("{FAE04EC0-301F-11D3-BF4B-00C04F79EFBC}") = "FirstApi", "..\FirstApi\FirstApi.csproj", "{6F6A381B-0127-4357-959D-2C85B0CA80A8}"
EndProject
Project("{FAE04EC0-301F-11D3-BF4B-00C04F79EFBC}") = "DependencyInjection", "..\DependencyInjection\DependencyInjection.csproj", "{8465CAB1-7C90-48D7-8FB3-7800779E9162}"
EndProject
Project("{FAE04EC0-301F-11D3-BF4B-00C04F79EFBC}") = "individual", "..\individual\individual.csproj", "{03FC04D0-98B7-498A-B0B3-8D9B2308B8A7}"
EndProject
Project("{FAE04EC0-301F-11D3-BF4B-00C04F79EFBC}") = "Windowswebapp", "..\Windowswebapp\Windowswebapp.csproj", "{66263312-1A21-4161-8150-D50C7DC94BA8}"
EndProject
Project("{FAE04EC0-301F-11D3-BF4B-00C04F79EFBC}") = "JWTAuth", "..\JWTAuth\JWTAuth.csproj", "{58E81E03-BBBE-4B61-B60F-E446F25231A9}"
EndProject
Project("{FAE04EC0-301F-11D3-BF4B-00C04F79EFBC}") = "AsyncAwait", "..\AsyncAwait\AsyncAwait.csproj", "{A6949FB3-4B4B-4DBE-850C-8F45C1F0E7FA}"
EndProject
Global
	GlobalSection(SolutionConfigurationPlatforms) = preSolution
		Debug|Any CPU = Debug|Any CPU
		Release|Any CPU = Release|Any CPU
	EndGlobalSection
	GlobalSection(ProjectConfigurationPlatforms) = postSolution
		{547C7E2B-73E5-4DA0-B09D-79EAE3CFDCA2}.Debug|Any CPU.ActiveCfg = Debug|Any CPU
		{547C7E2B-73E5-4DA0-B09D-79EAE3CFDCA2}.Debug|Any CPU.Build.0 = Debug|Any CPU
		{547C7E2B-73E5-4DA0-B09D-79EAE3CFDCA2}.Release|Any CPU.ActiveCfg = Release|Any CPU
		{547C7E2B-73E5-4DA0-B09D-79EAE3CFDCA2}.Release|Any CPU.Build.0 = Release|Any CPU
		{23CBE885-018E-4129-8E3E-632F865DB01C}.Debug|Any CPU.ActiveCfg = Debug|Any CPU
		{23CBE885-018E-4129-8E3E-632F865DB01C}.Debug|Any CPU.Build.0 = Debug|Any CPU
		{23CBE885-018E-4129-8E3E-632F865DB01C}.Release|Any CPU.ActiveCfg = Release|Any CPU
		{23CBE885-018E-4129-8E3E-632F865DB01C}.Release|Any CPU.Build.0 = Release|Any CPU
		{25EA1689-D218-4A19-BC3B-2A6E485923E3}.Debug|Any CPU.ActiveCfg = Debug|Any CPU
		{25EA1689-D218-4A19-BC3B-2A6E485923E3}.Debug|Any CPU.Build.0 = Debug|Any CPU
		{25EA1689-D218-4A19-BC3B-2A6E485923E3}.Release|Any CPU.ActiveCfg = Release|Any CPU
		{25EA1689-D218-4A19-BC3B-2A6E485923E3}.Release|Any CPU.Build.0 = Release|Any CPU
		{B9B1A042-636A-4A0C-8F0A-E66F67555A25}.Debug|Any CPU.ActiveCfg = Debug|Any CPU
		{B9B1A042-636A-4A0C-8F0A-E66F67555A25}.Debug|Any CPU.Build.0 = Debug|Any CPU
		{B9B1A042-636A-4A0C-8F0A-E66F67555A25}.Release|Any CPU.ActiveCfg = Release|Any CPU
		{B9B1A042-636A-4A0C-8F0A-E66F67555A25}.Release|Any CPU.Build.0 = Release|Any CPU
		{DA6FF10A-A460-4D6B-AB59-AEF8B62B2D91}.Debug|Any CPU.ActiveCfg = Debug|Any CPU
		{DA6FF10A-A460-4D6B-AB59-AEF8B62B2D91}.Debug|Any CPU.Build.0 = Debug|Any CPU
		{DA6FF10A-A460-4D6B-AB59-AEF8B62B2D91}.Release|Any CPU.ActiveCfg = Release|Any CPU
		{DA6FF10A-A460-4D6B-AB59-AEF8B62B2D91}.Release|Any CPU.Build.0 = Release|Any CPU
		{8F8248B9-A2BC-4285-8B2C-4E3EA73E501D}.Debug|Any CPU.ActiveCfg = Debug|Any CPU
		{8F8248B9-A2BC-4285-8B2C-4E3EA73E501D}.Debug|Any CPU.Build.0 = Debug|Any CPU
		{8F8248B9-A2BC-4285-8B2C-4E3EA73E501D}.Release|Any CPU.ActiveCfg = Release|Any CPU
		{8F8248B9-A2BC-4285-8B2C-4E3EA73E501D}.Release|Any CPU.Build.0 = Release|Any CPU
		{CD495255-2CF9-49A0-BAC3-96D3B5B6166F}.Debug|Any CPU.ActiveCfg = Debug|Any CPU
		{CD495255-2CF9-49A0-BAC3-96D3B5B6166F}.Debug|Any CPU.Build.0 = Debug|Any CPU
		{CD495255-2CF9-49A0-BAC3-96D3B5B6166F}.Release|Any CPU.ActiveCfg = Release|Any CPU
		{CD495255-2CF9-49A0-BAC3-96D3B5B6166F}.Release|Any CPU.Build.0 = Release|Any CPU
		{34BAC8DF-5306-455A-AEBF-6B6BC6699B88}.Debug|Any CPU.ActiveCfg = Debug|Any CPU
		{34BAC8DF-5306-455A-AEBF-6B6BC6699B88}.Debug|Any CPU.Build.0 = Debug|Any CPU
		{34BAC8DF-5306-455A-AEBF-6B6BC6699B88}.Release|Any CPU.ActiveCfg = Release|Any CPU
		{34BAC8DF-5306-455A-AEBF-6B6BC6699B88}.Release|Any CPU.Build.0 = Release|Any CPU
		{234EABAA-8D28-4C1B-9BA1-D6FE924A0B2A}.Debug|Any CPU.ActiveCfg = Debug|Any CPU
		{234EABAA-8D28-4C1B-9BA1-D6FE924A0B2A}.Debug|Any CPU.Build.0 = Debug|Any CPU
		{234EABAA-8D28-4C1B-9BA1-D6FE924A0B2A}.Release|Any CPU.ActiveCfg = Release|Any CPU
		{234EABAA-8D28-4C1B-9BA1-D6FE924A0B2A}.Release|Any CPU.Build.0 = Release|Any CPU
		{D9777E97-DC2D-46A4-828C-68A398D44BB2}.Debug|Any CPU.ActiveCfg = Debug|Any CPU
		{D9777E97-DC2D-46A4-828C-68A398D44BB2}.Debug|Any CPU.Build.0 = Debug|Any CPU
		{D9777E97-DC2D-46A4-828C-68A398D44BB2}.Release|Any CPU.ActiveCfg = Release|Any CPU
		{D9777E97-DC2D-46A4-828C-68A398D44BB2}.Release|Any CPU.Build.0 = Release|Any CPU
		{86DE7E2D-25B5-439A-8531-5258294A4BE6}.Debug|Any CPU.ActiveCfg = Debug|Any CPU
		{86DE7E2D-25B5-439A-8531-5258294A4BE6}.Debug|Any CPU.Build.0 = Debug|Any CPU
		{86DE7E2D-25B5-439A-8531-5258294A4BE6}.Release|Any CPU.ActiveCfg = Release|Any CPU
		{86DE7E2D-25B5-439A-8531-5258294A4BE6}.Release|Any CPU.Build.0 = Release|Any CPU
		{A97F4CC4-4136-48CC-A93B-61C8275E6E5D}.Debug|Any CPU.ActiveCfg = Debug|Any CPU
		{A97F4CC4-4136-48CC-A93B-61C8275E6E5D}.Debug|Any CPU.Build.0 = Debug|Any CPU
		{A97F4CC4-4136-48CC-A93B-61C8275E6E5D}.Release|Any CPU.ActiveCfg = Release|Any CPU
		{A97F4CC4-4136-48CC-A93B-61C8275E6E5D}.Release|Any CPU.Build.0 = Release|Any CPU
		{811FE53E-9312-47CE-ADD6-8D96619D3067}.Debug|Any CPU.ActiveCfg = Debug|Any CPU
		{811FE53E-9312-47CE-ADD6-8D96619D3067}.Debug|Any CPU.Build.0 = Debug|Any CPU
		{811FE53E-9312-47CE-ADD6-8D96619D3067}.Release|Any CPU.ActiveCfg = Release|Any CPU
		{811FE53E-9312-47CE-ADD6-8D96619D3067}.Release|Any CPU.Build.0 = Release|Any CPU
		{9E3558EC-6E89-405A-96A6-8F427C3C2CE8}.Debug|Any CPU.ActiveCfg = Debug|Any CPU
		{9E3558EC-6E89-405A-96A6-8F427C3C2CE8}.Debug|Any CPU.Build.0 = Debug|Any CPU
		{9E3558EC-6E89-405A-96A6-8F427C3C2CE8}.Release|Any CPU.ActiveCfg = Release|Any CPU
		{9E3558EC-6E89-405A-96A6-8F427C3C2CE8}.Release|Any CPU.Build.0 = Release|Any CPU
		{B0DA0C8F-CBDA-4E2E-88B0-73198D1462FB}.Debug|Any CPU.ActiveCfg = Debug|Any CPU
		{B0DA0C8F-CBDA-4E2E-88B0-73198D1462FB}.Debug|Any CPU.Build.0 = Debug|Any CPU
		{B0DA0C8F-CBDA-4E2E-88B0-73198D1462FB}.Release|Any CPU.ActiveCfg = Release|Any CPU
		{B0DA0C8F-CBDA-4E2E-88B0-73198D1462FB}.Release|Any CPU.Build.0 = Release|Any CPU
		{A920AB5C-6F9E-4F40-8CB4-D2F08C88A1AE}.Debug|Any CPU.ActiveCfg = Debug|Any CPU
		{A920AB5C-6F9E-4F40-8CB4-D2F08C88A1AE}.Debug|Any CPU.Build.0 = Debug|Any CPU
		{A920AB5C-6F9E-4F40-8CB4-D2F08C88A1AE}.Release|Any CPU.ActiveCfg = Release|Any CPU
		{A920AB5C-6F9E-4F40-8CB4-D2F08C88A1AE}.Release|Any CPU.Build.0 = Release|Any CPU
		{0974CEE1-6E3D-41F3-BC95-0E15C0B1833F}.Debug|Any CPU.ActiveCfg = Debug|Any CPU
		{0974CEE1-6E3D-41F3-BC95-0E15C0B1833F}.Debug|Any CPU.Build.0 = Debug|Any CPU
		{0974CEE1-6E3D-41F3-BC95-0E15C0B1833F}.Release|Any CPU.ActiveCfg = Release|Any CPU
		{0974CEE1-6E3D-41F3-BC95-0E15C0B1833F}.Release|Any CPU.Build.0 = Release|Any CPU
		{6F6A381B-0127-4357-959D-2C85B0CA80A8}.Debug|Any CPU.ActiveCfg = Debug|Any CPU
		{6F6A381B-0127-4357-959D-2C85B0CA80A8}.Debug|Any CPU.Build.0 = Debug|Any CPU
		{6F6A381B-0127-4357-959D-2C85B0CA80A8}.Release|Any CPU.ActiveCfg = Release|Any CPU
		{6F6A381B-0127-4357-959D-2C85B0CA80A8}.Release|Any CPU.Build.0 = Release|Any CPU
		{8465CAB1-7C90-48D7-8FB3-7800779E9162}.Debug|Any CPU.ActiveCfg = Debug|Any CPU
		{8465CAB1-7C90-48D7-8FB3-7800779E9162}.Debug|Any CPU.Build.0 = Debug|Any CPU
		{8465CAB1-7C90-48D7-8FB3-7800779E9162}.Release|Any CPU.ActiveCfg = Release|Any CPU
		{8465CAB1-7C90-48D7-8FB3-7800779E9162}.Release|Any CPU.Build.0 = Release|Any CPU
		{03FC04D0-98B7-498A-B0B3-8D9B2308B8A7}.Debug|Any CPU.ActiveCfg = Debug|Any CPU
		{03FC04D0-98B7-498A-B0B3-8D9B2308B8A7}.Debug|Any CPU.Build.0 = Debug|Any CPU
		{03FC04D0-98B7-498A-B0B3-8D9B2308B8A7}.Release|Any CPU.ActiveCfg = Release|Any CPU
		{03FC04D0-98B7-498A-B0B3-8D9B2308B8A7}.Release|Any CPU.Build.0 = Release|Any CPU
		{66263312-1A21-4161-8150-D50C7DC94BA8}.Debug|Any CPU.ActiveCfg = Debug|Any CPU
		{66263312-1A21-4161-8150-D50C7DC94BA8}.Debug|Any CPU.Build.0 = Debug|Any CPU
		{66263312-1A21-4161-8150-D50C7DC94BA8}.Release|Any CPU.ActiveCfg = Release|Any CPU
		{66263312-1A21-4161-8150-D50C7DC94BA8}.Release|Any CPU.Build.0 = Release|Any CPU
		{58E81E03-BBBE-4B61-B60F-E446F25231A9}.Debug|Any CPU.ActiveCfg = Debug|Any CPU
		{58E81E03-BBBE-4B61-B60F-E446F25231A9}.Debug|Any CPU.Build.0 = Debug|Any CPU
		{58E81E03-BBBE-4B61-B60F-E446F25231A9}.Release|Any CPU.ActiveCfg = Release|Any CPU
		{58E81E03-BBBE-4B61-B60F-E446F25231A9}.Release|Any CPU.Build.0 = Release|Any CPU
		{A6949FB3-4B4B-4DBE-850C-8F45C1F0E7FA}.Debug|Any CPU.ActiveCfg = Debug|Any CPU
		{A6949FB3-4B4B-4DBE-850C-8F45C1F0E7FA}.Debug|Any CPU.Build.0 = Debug|Any CPU
		{A6949FB3-4B4B-4DBE-850C-8F45C1F0E7FA}.Release|Any CPU.ActiveCfg = Release|Any CPU
		{A6949FB3-4B4B-4DBE-850C-8F45C1F0E7FA}.Release|Any CPU.Build.0 = Release|Any CPU
	EndGlobalSection
	GlobalSection(SolutionProperties) = preSolution
		HideSolutionNode = FALSE
	EndGlobalSection
	GlobalSection(NestedProjects) = preSolution
		{23CBE885-018E-4129-8E3E-632F865DB01C} = {4520233A-93C7-4715-AE05-0C8A4191C9F5}
		{25EA1689-D218-4A19-BC3B-2A6E485923E3} = {0B534BC6-593F-483C-BC8F-D4F566F7527C}
		{0B534BC6-593F-483C-BC8F-D4F566F7527C} = {245D5960-52C3-43BD-927E-7293703745F3}
		{4520233A-93C7-4715-AE05-0C8A4191C9F5} = {245D5960-52C3-43BD-927E-7293703745F3}
		{B9B1A042-636A-4A0C-8F0A-E66F67555A25} = {245D5960-52C3-43BD-927E-7293703745F3}
		{EFD529A3-932C-4B51-8D40-4594575E1230} = {245D5960-52C3-43BD-927E-7293703745F3}
		{8F8248B9-A2BC-4285-8B2C-4E3EA73E501D} = {EFD529A3-932C-4B51-8D40-4594575E1230}
		{CD495255-2CF9-49A0-BAC3-96D3B5B6166F} = {EFD529A3-932C-4B51-8D40-4594575E1230}
		{34BAC8DF-5306-455A-AEBF-6B6BC6699B88} = {0B534BC6-593F-483C-BC8F-D4F566F7527C}
		{234EABAA-8D28-4C1B-9BA1-D6FE924A0B2A} = {EFD529A3-932C-4B51-8D40-4594575E1230}
		{86DE7E2D-25B5-439A-8531-5258294A4BE6} = {EFD529A3-932C-4B51-8D40-4594575E1230}
		{A97F4CC4-4136-48CC-A93B-61C8275E6E5D} = {47582C8D-FF4B-4710-8F17-305BE86C38FB}
		{811FE53E-9312-47CE-ADD6-8D96619D3067} = {47582C8D-FF4B-4710-8F17-305BE86C38FB}
		{9E3558EC-6E89-405A-96A6-8F427C3C2CE8} = {47582C8D-FF4B-4710-8F17-305BE86C38FB}
		{B0DA0C8F-CBDA-4E2E-88B0-73198D1462FB} = {47582C8D-FF4B-4710-8F17-305BE86C38FB}
		{A920AB5C-6F9E-4F40-8CB4-D2F08C88A1AE} = {47582C8D-FF4B-4710-8F17-305BE86C38FB}
	EndGlobalSection
	GlobalSection(ExtensibilityGlobals) = postSolution
		SolutionGuid = {97F49961-5D09-493E-8D0F-0CBFB30B1B8A}
	EndGlobalSection
EndGlobal
